
Microsoft Visual Studio Solution File, Format Version 12.00
# Visual Studio Version 16
VisualStudioVersion = 16.0.31205.134
MinimumVisualStudioVersion = 10.0.40219.1
Project("{FAE04EC0-301F-11D3-BF4B-00C04F79EFBC}") = "HashingWeb", "HashingWeb.csproj", "{4E830965-ECA6-49A7-AEDE-0A805F79417D}"
EndProject
Global
	GlobalSection(SolutionConfigurationPlatforms) = preSolution
		Debug|Any CPU = Debug|Any CPU
		Release|Any CPU = Release|Any CPU
	EndGlobalSection
	GlobalSection(ProjectConfigurationPlatforms) = postSolution
		{4E830965-ECA6-49A7-AEDE-0A805F79417D}.Debug|Any CPU.ActiveCfg = Debug|Any CPU
		{4E830965-ECA6-49A7-AEDE-0A805F79417D}.Debug|Any CPU.Build.0 = Debug|Any CPU
		{4E830965-ECA6-49A7-AEDE-0A805F79417D}.Release|Any CPU.ActiveCfg = Release|Any CPU
		{4E830965-ECA6-49A7-AEDE-0A805F79417D}.Release|Any CPU.Build.0 = Release|Any CPU
	EndGlobalSection
	GlobalSection(SolutionProperties) = preSolution
		HideSolutionNode = FALSE
	EndGlobalSection
	GlobalSection(ExtensibilityGlobals) = postSolution
		SolutionGuid = {CE35E0FA-237B-4E0F-BEC6-B613D6C58741}
	EndGlobalSection
EndGlobal
